
Microsoft Visual Studio Solution File, Format Version 12.00
# Visual Studio Version 17
VisualStudioVersion = 17.8.34525.116
MinimumVisualStudioVersion = 10.0.40219.1
Project("{FAE04EC0-301F-11D3-BF4B-00C04F79EFBC}") = "gitapp56", "gitapp56.csproj", "{142768E2-00ED-439E-BCD8-584A0A32650B}"
EndProject
Global
	GlobalSection(SolutionConfigurationPlatforms) = preSolution
		Debug|Any CPU = Debug|Any CPU
		Release|Any CPU = Release|Any CPU
	EndGlobalSection
	GlobalSection(ProjectConfigurationPlatforms) = postSolution
		{142768E2-00ED-439E-BCD8-584A0A32650B}.Debug|Any CPU.ActiveCfg = Debug|Any CPU
		{142768E2-00ED-439E-BCD8-584A0A32650B}.Debug|Any CPU.Build.0 = Debug|Any CPU
		{142768E2-00ED-439E-BCD8-584A0A32650B}.Release|Any CPU.ActiveCfg = Release|Any CPU
		{142768E2-00ED-439E-BCD8-584A0A32650B}.Release|Any CPU.Build.0 = Release|Any CPU
	EndGlobalSection
	GlobalSection(SolutionProperties) = preSolution
		HideSolutionNode = FALSE
	EndGlobalSection
	GlobalSection(ExtensibilityGlobals) = postSolution
		SolutionGuid = {962B77F2-1841-433F-B6C0-658063A258F0}
	EndGlobalSection
EndGlobal
